
Microsoft Visual Studio Solution File, Format Version 11.00
# Visual Studio 2010
Project("{FAE04EC0-301F-11D3-BF4B-00C04F79EFBC}") = "Assembly-CSharp", "Assembly-CSharp.csproj", "{2c819250-163d-0485-394b-e3c2186cd867}"
EndProject
Project("{FAE04EC0-301F-11D3-BF4B-00C04F79EFBC}") = "Assembly-CSharp-Editor", "Assembly-CSharp-Editor.csproj", "{622a37c5-9f82-042b-517b-d90e7edc5b0d}"
EndProject
Global
	GlobalSection(SolutionConfigurationPlatforms) = preSolution
		Debug|Any CPU = Debug|Any CPU
	EndGlobalSection
	GlobalSection(ProjectConfigurationPlatforms) = postSolution
		{2c819250-163d-0485-394b-e3c2186cd867}.Debug|Any CPU.ActiveCfg = Debug|Any CPU
		{2c819250-163d-0485-394b-e3c2186cd867}.Debug|Any CPU.Build.0 = Debug|Any CPU
		{622a37c5-9f82-042b-517b-d90e7edc5b0d}.Debug|Any CPU.ActiveCfg = Debug|Any CPU
		{622a37c5-9f82-042b-517b-d90e7edc5b0d}.Debug|Any CPU.Build.0 = Debug|Any CPU
	EndGlobalSection
	GlobalSection(SolutionProperties) = preSolution
		HideSolutionNode = FALSE
	EndGlobalSection
EndGlobal
